# THIS IS AN AUTOGENERATED FILE. DO NOT EDIT THIS FILE DIRECTLY.
# yarn lockfile v1


"@minecraft/common@^1.1.0":
  version "1.2.0"
  resolved "https://registry.yarnpkg.com/@minecraft/common/-/common-1.2.0.tgz#a00d4130dcd5084dfd30e85e108c6d58eae8358b"
  integrity sha512-JdmEq4P3Z/FtoBzhLijFgMSVFnFRrUoLwY8DHHrgtFo0mfLTOLTB1RErYjLMsA6b7BGVNxkX/pfFRiH7QZ0XwQ==

"@minecraft/server-ui@^1.1.0":
  version "1.1.0"
  resolved "https://registry.yarnpkg.com/@minecraft/server-ui/-/server-ui-1.1.0.tgz#d8197d6dff079ba0abdbf264e4f9f2aaca9f9ed6"
  integrity sha512-Gnf+GHjjT4VFoXEt7qjrfDRipDgc93YcXbgTmdPTQ5Og3DIRD003ahH97tGMZmeNdsB+ymvAquf+o2o9W2pDjw==
  dependencies:
    "@minecraft/server" "^1.2.0"

"@minecraft/server@^1.11.0-beta.1.20.80-preview.24":
  version "1.11.0-beta.1.20.80-preview.24"
  resolved "https://registry.yarnpkg.com/@minecraft/server/-/server-1.11.0-beta.1.20.80-preview.24.tgz#db688e81ae38d05cdc78ca4f83fc6055f16dcc3a"
  integrity sha512-CvaTw4IMJJ1gNvtgNwXZSOaE1LAITtJ9m/HLx1DYu3OvvOnX5c/n4+LVeBQ5gJgwqyiLsYY43hDWMvbvB8ltXQ==
  dependencies:
    "@minecraft/common" "^1.1.0"

"@minecraft/server@^1.2.0":
  version "1.9.0"
  resolved "https://registry.yarnpkg.com/@minecraft/server/-/server-1.9.0.tgz#6f360cbe375b85c4ead3ef1456d2c9a411fbc763"
  integrity sha512-PhOLfCYM83t24TY3+8WA5zCRGCyG/89VC6ZSi4Ye92QZORC/0Td5JIh2ctJtUhAiYCbct/Ph/Of3BCi8/itr6A==
  dependencies:
    "@minecraft/common" "^1.1.0"

tsc@^2.0.4:
  version "2.0.4"
  resolved "https://registry.yarnpkg.com/tsc/-/tsc-2.0.4.tgz#5f6499146abea5dca4420b451fa4f2f9345238f5"
  integrity sha512-fzoSieZI5KKJVBYGvwbVZs/J5za84f2lSTLPYf6AGiIf43tZ3GNrI1QzTLcjtyDDP4aLxd46RTZq1nQxe7+k5Q==

typescript@^5.4.3:
  version "5.4.3"
  resolved "https://registry.yarnpkg.com/typescript/-/typescript-5.4.3.tgz#5c6fedd4c87bee01cd7a528a30145521f8e0feff"
  integrity sha512-KrPd3PKaCLr78MalgiwJnA25Nm8HAmdwN3mYUYZgG/wizIo9EainNVQI9/yDavtVFRN2h3k8uf3GLHuhDMgEHg==
